Microsoft Visual Studio Solution File, Format Version 12.00
# Visual Studio Version 17
VisualStudioVersion = 17.5.2.0
MinimumVisualStudioVersion = 10.0.40219.1
Project("{FAE04EC0-301F-11D3-BF4B-00C04F79EFBC}") = "CarLoc", "CarLoc.csproj", "{F185A6DB-8C17-5AA0-F35C-7CF30257F5D3}"
EndProject
Global
	GlobalSection(SolutionConfigurationPlatforms) = preSolution
		Debug|Any CPU = Debug|Any CPU
		Release|Any CPU = Release|Any CPU
	EndGlobalSection
	GlobalSection(ProjectConfigurationPlatforms) = postSolution
		{F185A6DB-8C17-5AA0-F35C-7CF30257F5D3}.Debug|Any CPU.ActiveCfg = Debug|Any CPU
		{F185A6DB-8C17-5AA0-F35C-7CF30257F5D3}.Debug|Any CPU.Build.0 = Debug|Any CPU
		{F185A6DB-8C17-5AA0-F35C-7CF30257F5D3}.Release|Any CPU.ActiveCfg = Release|Any CPU
		{F185A6DB-8C17-5AA0-F35C-7CF30257F5D3}.Release|Any CPU.Build.0 = Release|Any CPU
	EndGlobalSection
	GlobalSection(SolutionProperties) = preSolution
		HideSolutionNode = FALSE
	EndGlobalSection
	GlobalSection(ExtensibilityGlobals) = postSolution
		SolutionGuid = {DFD35A61-9132-4C4E-BB4F-72296F6471F2}
	EndGlobalSection
EndGlobal
